
Microsoft Visual Studio Solution File, Format Version 11.00
# Visual Studio 2010
Project("{8BC9CEB8-8B4A-11D0-8D11-00A0C91BC942}") = "ExcellManagement", "ExcellManagement\ExcellManagement.vcxproj", "{EF2D6352-3662-4653-95F4-89F8845EFBEF}"
EndProject
Global
	GlobalSection(SolutionConfigurationPlatforms) = preSolution
		Debug|Win32 = Debug|Win32
		Release|Win32 = Release|Win32
	EndGlobalSection
	GlobalSection(ProjectConfigurationPlatforms) = postSolution
		{EF2D6352-3662-4653-95F4-89F8845EFBEF}.Debug|Win32.ActiveCfg = Debug|Win32
		{EF2D6352-3662-4653-95F4-89F8845EFBEF}.Debug|Win32.Build.0 = Debug|Win32
		{EF2D6352-3662-4653-95F4-89F8845EFBEF}.Release|Win32.ActiveCfg = Release|Win32
		{EF2D6352-3662-4653-95F4-89F8845EFBEF}.Release|Win32.Build.0 = Release|Win32
	EndGlobalSection
	GlobalSection(SolutionProperties) = preSolution
		HideSolutionNode = FALSE
	EndGlobalSection
EndGlobal
