<?xml version="1.0" encoding="utf-8"?>
<Project ToolsVersion="4.0" xmlns="http://schemas.microsoft.com/developer/msbuild/2003">
  <ItemGroup>
    <Filter Include="Source Files">
      <UniqueIdentifier>{4FC737F1-C7A5-4376-A066-2A32D752A2FF}</UniqueIdentifier>
      <Extensions>cpp;c;cc;cxx;def;odl;idl;hpj;bat;asm;asmx</Extensions>
    </Filter>
    <Filter Include="Header Files">
      <UniqueIdentifier>{93995380-89BD-4b04-88EB-625FBE52EBFB}</UniqueIdentifier>
      <Extensions>h;hh;hpp;hxx;hm;inl;inc;xsd</Extensions>
    </Filter>
    <Filter Include="Resource Files">
      <UniqueIdentifier>{67DA6AB6-F800-4c08-8B7A-83BB121AAD01}</UniqueIdentifier>
      <Extensions>rc;ico;cur;bmp;dlg;rc2;rct;bin;rgs;gif;jpg;jpeg;jpe;resx;tiff;tif;png;wav;mfcribbon-ms</Extensions>
    </Filter>
  </ItemGroup>
  <ItemGroup>
    <Text Include="..\..\..\%27Personal%27_%27Files%27\Refregitz\refrigitz 12\ReadMe.txt" />
  </ItemGroup>
  <ItemGroup>
    <None Include="C:\Users\TechnologyLover\Desktop\New folder\App.config" />
    <None Include="C:\Users\TechnologyLover\Desktop\New folder\packages.config" />
  </ItemGroup>
  <ItemGroup>
    <ClCompile Include="C:\Users\TechnologyLover\Desktop\New folder\AllDraw::cpp">
      <Filter>Source Files</Filter>
    </ClCompile>
    <ClCompile Include="C:\Users\TechnologyLover\Desktop\New folder\ChessGeneticAlgorithm.cpp">
      <Filter>Source Files</Filter>
    </ClCompile>
    <ClCompile Include="C:\Users\TechnologyLover\Desktop\New folder\ChessRules::cpp">
      <Filter>Source Files</Filter>
    </ClCompile>
    <ClCompile Include="C:\Users\TechnologyLover\Desktop\New folder\CodeClass.cpp">
      <Filter>Source Files</Filter>
    </ClCompile>
    <ClCompile Include="C:\Users\TechnologyLover\Desktop\New folder\DrawCastle.cpp">
      <Filter>Source Files</Filter>
    </ClCompile>
    <ClCompile Include="C:\Users\TechnologyLover\Desktop\New folder\DrawElefant.cpp">
      <Filter>Source Files</Filter>
    </ClCompile>
    <ClCompile Include="C:\Users\TechnologyLover\Desktop\New folder\DrawHourse.cpp">
      <Filter>Source Files</Filter>
    </ClCompile>
    <ClCompile Include="C:\Users\TechnologyLover\Desktop\New folder\DrawKing.cpp">
      <Filter>Source Files</Filter>
    </ClCompile>
    <ClCompile Include="C:\Users\TechnologyLover\Desktop\New folder\DrawMinister.cpp">
      <Filter>Source Files</Filter>
    </ClCompile>
    <ClCompile Include="C:\Users\TechnologyLover\Desktop\New folder\DrawSoldire.cpp">
      <Filter>Source Files</Filter>
    </ClCompile>
    <ClCompile Include="C:\Users\TechnologyLover\Desktop\New folder\HermitInterpolation.cpp">
      <Filter>Source Files</Filter>
    </ClCompile>
    <ClCompile Include="C:\Users\TechnologyLover\Desktop\New folder\Interpolate.cpp">
      <Filter>Source Files</Filter>
    </ClCompile>
    <ClCompile Include="C:\Users\TechnologyLover\Desktop\New folder\IsNextEnemyMovementForCheckedMate.cpp">
      <Filter>Source Files</Filter>
    </ClCompile>
    <ClCompile Include="C:\Users\TechnologyLover\Desktop\New folder\LearningAtamatA->cpp">
      <Filter>Source Files</Filter>
    </ClCompile>
    <ClCompile Include="C:\Users\TechnologyLover\Desktop\New folder\NetworkQuantumLearningKrinskyAtamatA->cpp">
      <Filter>Source Files</Filter>
    </ClCompile>
    <ClCompile Include="C:\Users\TechnologyLover\Desktop\New folder\NewotoonInterpolate.cpp">
      <Filter>Source Files</Filter>
    </ClCompile>
    <ClCompile Include="C:\Users\TechnologyLover\Desktop\New folder\PlatformHelper.cpp">
      <Filter>Source Files</Filter>
    </ClCompile>
    <ClCompile Include="C:\Users\TechnologyLover\Desktop\New folder\Program.cpp">
      <Filter>Source Files</Filter>
    </ClCompile>
    <ClCompile Include="C:\Users\TechnologyLover\Desktop\New folder\LearningKrinskyAtamata->cpp">
      <Filter>Source Files</Filter>
    </ClCompile>
    <ClCompile Include="C:\Users\TechnologyLover\Desktop\New folder\QuantumLearningAtamatA->cpp">
      <Filter>Source Files</Filter>
    </ClCompile>
    <ClCompile Include="C:\Users\TechnologyLover\Desktop\New folder\ThingsConverter.cpp">
      <Filter>Source Files</Filter>
    </ClCompile>
    <ClCompile Include="C:\Users\TechnologyLover\Desktop\New folder\ThinkingChess.cpp">
      <Filter>Source Files</Filter>
    </ClCompile>
  </ItemGroup>
  <ItemGroup>
    <ClInclude Include="C:\Users\TechnologyLover\Desktop\New folder\AllDraw::h">
      <Filter>Header Files</Filter>
    </ClInclude>
    <ClInclude Include="C:\Users\TechnologyLover\Desktop\New folder\ChessGeneticAlgorithm.h">
      <Filter>Header Files</Filter>
    </ClInclude>
    <ClInclude Include="C:\Users\TechnologyLover\Desktop\New folder\ChessRules::h">
      <Filter>Header Files</Filter>
    </ClInclude>
    <ClInclude Include="C:\Users\TechnologyLover\Desktop\New folder\CodeClass.h">
      <Filter>Header Files</Filter>
    </ClInclude>
    <ClInclude Include="C:\Users\TechnologyLover\Desktop\New folder\DrawCastle.h">
      <Filter>Header Files</Filter>
    </ClInclude>
    <ClInclude Include="C:\Users\TechnologyLover\Desktop\New folder\DrawElefant.h">
      <Filter>Header Files</Filter>
    </ClInclude>
    <ClInclude Include="C:\Users\TechnologyLover\Desktop\New folder\DrawHourse.h">
      <Filter>Header Files</Filter>
    </ClInclude>
    <ClInclude Include="C:\Users\TechnologyLover\Desktop\New folder\DrawKing.h">
      <Filter>Header Files</Filter>
    </ClInclude>
    <ClInclude Include="C:\Users\TechnologyLover\Desktop\New folder\DrawMinister.h">
      <Filter>Header Files</Filter>
    </ClInclude>
    <ClInclude Include="C:\Users\TechnologyLover\Desktop\New folder\DrawSoldire.h">
      <Filter>Header Files</Filter>
    </ClInclude>
    <ClInclude Include="C:\Users\TechnologyLover\Desktop\New folder\HermitInterpolation.h">
      <Filter>Header Files</Filter>
    </ClInclude>
    <ClInclude Include="C:\Users\TechnologyLover\Desktop\New folder\Interpolate.h">
      <Filter>Header Files</Filter>
    </ClInclude>
    <ClInclude Include="C:\Users\TechnologyLover\Desktop\New folder\IsNextEnemyMovementForCheckedMate.h">
      <Filter>Header Files</Filter>
    </ClInclude>
    <ClInclude Include="C:\Users\TechnologyLover\Desktop\New folder\LearningAtamatA->h">
      <Filter>Header Files</Filter>
    </ClInclude>
    <ClInclude Include="C:\Users\TechnologyLover\Desktop\New folder\NetworkQuantumLearningKrinskyAtamatA->h">
      <Filter>Header Files</Filter>
    </ClInclude>
    <ClInclude Include="C:\Users\TechnologyLover\Desktop\New folder\NewotoonInterpolate.h">
      <Filter>Header Files</Filter>
    </ClInclude>
    <ClInclude Include="C:\Users\TechnologyLover\Desktop\New folder\PlatformHelper.h">
      <Filter>Header Files</Filter>
    </ClInclude>
    <ClInclude Include="C:\Users\TechnologyLover\Desktop\New folder\Program.h">
      <Filter>Header Files</Filter>
    </ClInclude>
    <ClInclude Include="C:\Users\TechnologyLover\Desktop\New folder\LearningKrinskyAtamata->h">
      <Filter>Header Files</Filter>
    </ClInclude>
    <ClInclude Include="C:\Users\TechnologyLover\Desktop\New folder\QuantumLearningAtamatA->h">
      <Filter>Header Files</Filter>
    </ClInclude>
    <ClInclude Include="C:\Users\TechnologyLover\Desktop\New folder\stringconverter.h">
      <Filter>Header Files</Filter>
    </ClInclude>
    <ClInclude Include="C:\Users\TechnologyLover\Desktop\New folder\ThingsConverter.h">
      <Filter>Header Files</Filter>
    </ClInclude>
    <ClInclude Include="C:\Users\TechnologyLover\Desktop\New folder\ThinkingChess.h">
      <Filter>Header Files</Filter>
    </ClInclude>
  </ItemGroup>
</Project>