<?xml version="1.0" encoding="utf-8"?>
<Project ToolsVersion="4.0" xmlns="http://schemas.microsoft.com/developer/msbuild/2003">
  <ItemGroup>
    <Filter Include="Header Files">
      <UniqueIdentifier>{93995380-89BD-4b04-88EB-625FBE52EBFB}</UniqueIdentifier>
      <Extensions>h;hpp;hxx;hm;inl;inc;xsd</Extensions>
    </Filter>
    <Filter Include="Resource Files">
      <UniqueIdentifier>{67DA6AB6-F800-4c08-8B7A-83BB121AAD01}</UniqueIdentifier>
      <Extensions>rc;ico;cur;bmp;dlg;rc2;rct;bin;rgs;gif;jpg;jpeg;jpe;resx;tiff;tif;png;wav;mfcribbon-ms</Extensions>
    </Filter>
    <Filter Include="Source Files">
      <UniqueIdentifier>{4FC737F1-C7A5-4376-A066-2A32D752A2FF}</UniqueIdentifier>
      <Extensions>cpp;c;cc;cxx;def;odl;idl;hpj;bat;asm;asmx</Extensions>
    </Filter>
  </ItemGroup>
  <ItemGroup>
    <None Include="ReadMe.txt" />
    <None Include="res\ExcellManagement.rc2">
      <Filter>Resource Files</Filter>
    </None>
    <None Include="res\ExcellManagement.ico">
      <Filter>Resource Files</Filter>
    </None>
  </ItemGroup>
  <ItemGroup>
    <ClInclude Include="ExcellManagementDlg.h">
      <Filter>Header Files</Filter>
    </ClInclude>
    <ClInclude Include="stdafx.h">
      <Filter>Header Files</Filter>
    </ClInclude>
    <ClInclude Include="targetver.h">
      <Filter>Header Files</Filter>
    </ClInclude>
    <ClInclude Include="Resource.h">
      <Filter>Header Files</Filter>
    </ClInclude>
    <ClInclude Include="CClient.h">
      <Filter>Header Files</Filter>
    </ClInclude>
    <ClInclude Include="CConjunctSubDirectory.h">
      <Filter>Header Files</Filter>
    </ClInclude>
    <ClInclude Include="CCreateDates.h">
      <Filter>Header Files</Filter>
    </ClInclude>
    <ClInclude Include="CDVD.h">
      <Filter>Header Files</Filter>
    </ClInclude>
    <ClInclude Include="CDVDNon.h">
      <Filter>Header Files</Filter>
    </ClInclude>
    <ClInclude Include="CMounth.h">
      <Filter>Header Files</Filter>
    </ClInclude>
    <ClInclude Include="ConvertDate.h">
      <Filter>Header Files</Filter>
    </ClInclude>
    <ClInclude Include="CSpreadSheet.h">
      <Filter>Header Files</Filter>
    </ClInclude>
    <ClInclude Include="ExcelManager.h">
      <Filter>Header Files</Filter>
    </ClInclude>
    <ClInclude Include="OLDBLimitColumn.h">
      <Filter>Header Files</Filter>
    </ClInclude>
    <ClInclude Include="CIllegalCharacterInDataBase.h">
      <Filter>Header Files</Filter>
    </ClInclude>
    <ClInclude Include="CAbout.h">
      <Filter>Header Files</Filter>
    </ClInclude>
    <ClInclude Include="CCreateExcellSheet.h">
      <Filter>Header Files</Filter>
    </ClInclude>
    <ClInclude Include="CGraphicConversation.h">
      <Filter>Header Files</Filter>
    </ClInclude>
    <ClInclude Include="CSheetNumber.h">
      <Filter>Header Files</Filter>
    </ClInclude>
    <ClInclude Include="BasicExcel.hpp">
      <Filter>Header Files</Filter>
    </ClInclude>
    <ClInclude Include="ExcelFormat.h">
      <Filter>Header Files</Filter>
    </ClInclude>
    <ClInclude Include="CSearchDialog.h">
      <Filter>Header Files</Filter>
    </ClInclude>
    <ClInclude Include="CReplace.h">
      <Filter>Header Files</Filter>
    </ClInclude>
    <ClInclude Include="CSearch.h">
      <Filter>Header Files</Filter>
    </ClInclude>
    <ClInclude Include="CConfigurationDialog.h">
      <Filter>Header Files</Filter>
    </ClInclude>
  </ItemGroup>
  <ItemGroup>
    <ClCompile Include="ExcellManagement.cpp">
      <Filter>Source Files</Filter>
    </ClCompile>
    <ClCompile Include="ExcellManagementDlg.cpp">
      <Filter>Source Files</Filter>
    </ClCompile>
    <ClCompile Include="stdafx.cpp">
      <Filter>Source Files</Filter>
    </ClCompile>
    <ClCompile Include="CClient.cpp">
      <Filter>Source Files</Filter>
    </ClCompile>
    <ClCompile Include="CConjunctSubDirectory.cpp">
      <Filter>Source Files</Filter>
    </ClCompile>
    <ClCompile Include="CCreateDates.cpp">
      <Filter>Source Files</Filter>
    </ClCompile>
    <ClCompile Include="CDVD.cpp">
      <Filter>Source Files</Filter>
    </ClCompile>
    <ClCompile Include="CDVDNon.cpp">
      <Filter>Source Files</Filter>
    </ClCompile>
    <ClCompile Include="CMounth.cpp">
      <Filter>Source Files</Filter>
    </ClCompile>
    <ClCompile Include="ConvertDate.cpp">
      <Filter>Source Files</Filter>
    </ClCompile>
    <ClCompile Include="CSpreadSheet.cpp">
      <Filter>Source Files</Filter>
    </ClCompile>
    <ClCompile Include="ExcelManager.cpp">
      <Filter>Source Files</Filter>
    </ClCompile>
    <ClCompile Include="OLDBLimitColumn.cpp">
      <Filter>Source Files</Filter>
    </ClCompile>
    <ClCompile Include="CIllegalCharacterInDataBase.cpp">
      <Filter>Source Files</Filter>
    </ClCompile>
    <ClCompile Include="CAbout.cpp">
      <Filter>Source Files</Filter>
    </ClCompile>
    <ClCompile Include="CCreateExcellSheet.cpp">
      <Filter>Source Files</Filter>
    </ClCompile>
    <ClCompile Include="CGraphicConversation.cpp">
      <Filter>Source Files</Filter>
    </ClCompile>
    <ClCompile Include="CSheetNumber.cpp">
      <Filter>Source Files</Filter>
    </ClCompile>
    <ClCompile Include="BasicExcel.cpp">
      <Filter>Source Files</Filter>
    </ClCompile>
    <ClCompile Include="Examples.cpp">
      <Filter>Source Files</Filter>
    </ClCompile>
    <ClCompile Include="ExcelFormat.cpp">
      <Filter>Source Files</Filter>
    </ClCompile>
    <ClCompile Include="CSearchDialog.cpp">
      <Filter>Source Files</Filter>
    </ClCompile>
    <ClCompile Include="CReplace.cpp">
      <Filter>Source Files</Filter>
    </ClCompile>
    <ClCompile Include="CSearch.cpp">
      <Filter>Source Files</Filter>
    </ClCompile>
    <ClCompile Include="CConfigurationDialog.cpp">
      <Filter>Source Files</Filter>
    </ClCompile>
  </ItemGroup>
  <ItemGroup>
    <ResourceCompile Include="ExcellManagement.rc">
      <Filter>Resource Files</Filter>
    </ResourceCompile>
  </ItemGroup>
</Project>