
Microsoft Visual Studio Solution File, Format Version 11.00
# Visual Studio 2010
Project("{FAE04EC0-301F-11D3-BF4B-00C04F79EFBC}") = "UnIntegralSolver", "Formulas\UnIntegralSolver.csproj", "{1AB5CA9A-02A0-4925-8816-16FFD045E69B}"
EndProject
Global
	GlobalSection(SolutionConfigurationPlatforms) = preSolution
		Debug|Any CPU = Debug|Any CPU
		Release|Any CPU = Release|Any CPU
	EndGlobalSection
	GlobalSection(ProjectConfigurationPlatforms) = postSolution
		{1AB5CA9A-02A0-4925-8816-16FFD045E69B}.Debug|Any CPU.ActiveCfg = Debug|Any CPU
		{1AB5CA9A-02A0-4925-8816-16FFD045E69B}.Debug|Any CPU.Build.0 = Debug|Any CPU
		{1AB5CA9A-02A0-4925-8816-16FFD045E69B}.Release|Any CPU.ActiveCfg = Release|Any CPU
		{1AB5CA9A-02A0-4925-8816-16FFD045E69B}.Release|Any CPU.Build.0 = Release|Any CPU
	EndGlobalSection
	GlobalSection(SolutionProperties) = preSolution
		HideSolutionNode = FALSE
	EndGlobalSection
EndGlobal
