<?xml version="1.0" encoding="utf-8"?>
<Project ToolsVersion="4.0" xmlns="http://schemas.microsoft.com/developer/msbuild/2003">
  <ItemGroup>
    <Filter Include="Source Files">
      <UniqueIdentifier>{4FC737F1-C7A5-4376-A066-2A32D752A2FF}</UniqueIdentifier>
      <Extensions>cpp;c;cc;cxx;def;odl;idl;hpj;bat;asm;asmx</Extensions>
    </Filter>
    <Filter Include="Header Files">
      <UniqueIdentifier>{93995380-89BD-4b04-88EB-625FBE52EBFB}</UniqueIdentifier>
      <Extensions>h;hh;hpp;hxx;hm;inl;inc;xsd</Extensions>
    </Filter>
    <Filter Include="Resource Files">
      <UniqueIdentifier>{67DA6AB6-F800-4c08-8B7A-83BB121AAD01}</UniqueIdentifier>
      <Extensions>rc;ico;cur;bmp;dlg;rc2;rct;bin;rgs;gif;jpg;jpeg;jpe;resx;tiff;tif;png;wav;mfcribbon-ms</Extensions>
    </Filter>
  </ItemGroup>
  <ItemGroup>
    <Text Include="ReadMe.txt" />
  </ItemGroup>
  <ItemGroup>
    <ClInclude Include="stdafx.h">
      <Filter>Header Files</Filter>
    </ClInclude>
    <ClInclude Include="targetver.h">
      <Filter>Header Files</Filter>
    </ClInclude>
    <ClInclude Include="stockfish-6-win\src\bitboard.h">
      <Filter>Header Files</Filter>
    </ClInclude>
    <ClInclude Include="stockfish-6-win\src\bitcount.h">
      <Filter>Header Files</Filter>
    </ClInclude>
    <ClInclude Include="stockfish-6-win\src\endgame.h">
      <Filter>Header Files</Filter>
    </ClInclude>
    <ClInclude Include="stockfish-6-win\src\evaluate.h">
      <Filter>Header Files</Filter>
    </ClInclude>
    <ClInclude Include="stockfish-6-win\src\material.h">
      <Filter>Header Files</Filter>
    </ClInclude>
    <ClInclude Include="stockfish-6-win\src\misc.h">
      <Filter>Header Files</Filter>
    </ClInclude>
    <ClInclude Include="stockfish-6-win\src\movegen.h">
      <Filter>Header Files</Filter>
    </ClInclude>
    <ClInclude Include="stockfish-6-win\src\movepick.h">
      <Filter>Header Files</Filter>
    </ClInclude>
    <ClInclude Include="stockfish-6-win\src\pawns.h">
      <Filter>Header Files</Filter>
    </ClInclude>
    <ClInclude Include="stockfish-6-win\src\platform.h">
      <Filter>Header Files</Filter>
    </ClInclude>
    <ClInclude Include="stockfish-6-win\src\position.h">
      <Filter>Header Files</Filter>
    </ClInclude>
    <ClInclude Include="stockfish-6-win\src\psqtab.h">
      <Filter>Header Files</Filter>
    </ClInclude>
    <ClInclude Include="stockfish-6-win\src\search.h">
      <Filter>Header Files</Filter>
    </ClInclude>
    <ClInclude Include="stockfish-6-win\src\thread.h">
      <Filter>Header Files</Filter>
    </ClInclude>
    <ClInclude Include="stockfish-6-win\src\timeman.h">
      <Filter>Header Files</Filter>
    </ClInclude>
    <ClInclude Include="stockfish-6-win\src\tt.h">
      <Filter>Header Files</Filter>
    </ClInclude>
    <ClInclude Include="stockfish-6-win\src\types.h">
      <Filter>Header Files</Filter>
    </ClInclude>
    <ClInclude Include="stockfish-6-win\src\uci.h">
      <Filter>Header Files</Filter>
    </ClInclude>
  </ItemGroup>
  <ItemGroup>
    <ClCompile Include="stdafx.cpp">
      <Filter>Source Files</Filter>
    </ClCompile>
    <ClCompile Include="stockfish-6-win\src\benchmark.cpp">
      <Filter>Source Files</Filter>
    </ClCompile>
    <ClCompile Include="stockfish-6-win\src\bitbase.cpp">
      <Filter>Source Files</Filter>
    </ClCompile>
    <ClCompile Include="stockfish-6-win\src\bitboard.cpp">
      <Filter>Source Files</Filter>
    </ClCompile>
    <ClCompile Include="stockfish-6-win\src\endgame.cpp">
      <Filter>Source Files</Filter>
    </ClCompile>
    <ClCompile Include="stockfish-6-win\src\evaluate.cpp">
      <Filter>Source Files</Filter>
    </ClCompile>
    <ClCompile Include="stockfish-6-win\src\material.cpp">
      <Filter>Source Files</Filter>
    </ClCompile>
    <ClCompile Include="stockfish-6-win\src\misc.cpp">
      <Filter>Source Files</Filter>
    </ClCompile>
    <ClCompile Include="stockfish-6-win\src\movegen.cpp">
      <Filter>Source Files</Filter>
    </ClCompile>
    <ClCompile Include="stockfish-6-win\src\movepick.cpp">
      <Filter>Source Files</Filter>
    </ClCompile>
    <ClCompile Include="stockfish-6-win\src\pawns.cpp">
      <Filter>Source Files</Filter>
    </ClCompile>
    <ClCompile Include="stockfish-6-win\src\position.cpp">
      <Filter>Source Files</Filter>
    </ClCompile>
    <ClCompile Include="stockfish-6-win\src\search.cpp">
      <Filter>Source Files</Filter>
    </ClCompile>
    <ClCompile Include="stockfish-6-win\src\thread.cpp">
      <Filter>Source Files</Filter>
    </ClCompile>
    <ClCompile Include="stockfish-6-win\src\timeman.cpp">
      <Filter>Source Files</Filter>
    </ClCompile>
    <ClCompile Include="stockfish-6-win\src\tt.cpp">
      <Filter>Source Files</Filter>
    </ClCompile>
    <ClCompile Include="stockfish-6-win\src\uci.cpp">
      <Filter>Source Files</Filter>
    </ClCompile>
    <ClCompile Include="stockfish-6-win\src\ucioption.cpp">
      <Filter>Source Files</Filter>
    </ClCompile>
    <ClCompile Include="stockfish-6-win\src\main.cpp">
      <Filter>Source Files</Filter>
    </ClCompile>
  </ItemGroup>
  <ItemGroup>
    <None Include="stockfish-6-win\src\Makefile" />
  </ItemGroup>
</Project>